
Microsoft Visual Studio Solution File, Format Version 12.00
# Visual Studio Version 16
VisualStudioVersion = 16.0.30523.141
MinimumVisualStudioVersion = 10.0.40219.1
Project("{FAE04EC0-301F-11D3-BF4B-00C04F79EFBC}") = "BookLibraryLibrary", "BookLibraryLibrary\BookLibraryLibrary.csproj", "{55C6E153-8487-4D36-853D-845FE68175A5}"
EndProject
Project("{FAE04EC0-301F-11D3-BF4B-00C04F79EFBC}") = "LibraryUnitTest", "LibraryUnitTest\LibraryUnitTest.csproj", "{7F25E126-A4B7-4A23-934F-81621504CA24}"
EndProject
Global
	GlobalSection(SolutionConfigurationPlatforms) = preSolution
		Debug|Any CPU = Debug|Any CPU
		Release|Any CPU = Release|Any CPU
	EndGlobalSection
	GlobalSection(ProjectConfigurationPlatforms) = postSolution
		{55C6E153-8487-4D36-853D-845FE68175A5}.Debug|Any CPU.ActiveCfg = Debug|Any CPU
		{55C6E153-8487-4D36-853D-845FE68175A5}.Debug|Any CPU.Build.0 = Debug|Any CPU
		{55C6E153-8487-4D36-853D-845FE68175A5}.Release|Any CPU.ActiveCfg = Release|Any CPU
		{55C6E153-8487-4D36-853D-845FE68175A5}.Release|Any CPU.Build.0 = Release|Any CPU
		{7F25E126-A4B7-4A23-934F-81621504CA24}.Debug|Any CPU.ActiveCfg = Debug|Any CPU
		{7F25E126-A4B7-4A23-934F-81621504CA24}.Debug|Any CPU.Build.0 = Debug|Any CPU
		{7F25E126-A4B7-4A23-934F-81621504CA24}.Release|Any CPU.ActiveCfg = Release|Any CPU
		{7F25E126-A4B7-4A23-934F-81621504CA24}.Release|Any CPU.Build.0 = Release|Any CPU
	EndGlobalSection
	GlobalSection(SolutionProperties) = preSolution
		HideSolutionNode = FALSE
	EndGlobalSection
	GlobalSection(ExtensibilityGlobals) = postSolution
		SolutionGuid = {1479FA7D-2457-4790-A1E4-5F4ADA974647}
	EndGlobalSection
EndGlobal
